
Microsoft Visual Studio Solution File, Format Version 12.00
# Visual Studio Version 16
VisualStudioVersion = 16.0.31424.327
MinimumVisualStudioVersion = 10.0.40219.1
Project("{FAE04EC0-301F-11D3-BF4B-00C04F79EFBC}") = "Igra", "Igra\Igra.csproj", "{AEA0978B-DCEF-456F-87AE-9784762DC0F5}"
EndProject
Global
	GlobalSection(SolutionConfigurationPlatforms) = preSolution
		Debug|Any CPU = Debug|Any CPU
		Release|Any CPU = Release|Any CPU
	EndGlobalSection
	GlobalSection(ProjectConfigurationPlatforms) = postSolution
		{AEA0978B-DCEF-456F-87AE-9784762DC0F5}.Debug|Any CPU.ActiveCfg = Debug|Any CPU
		{AEA0978B-DCEF-456F-87AE-9784762DC0F5}.Debug|Any CPU.Build.0 = Debug|Any CPU
		{AEA0978B-DCEF-456F-87AE-9784762DC0F5}.Release|Any CPU.ActiveCfg = Release|Any CPU
		{AEA0978B-DCEF-456F-87AE-9784762DC0F5}.Release|Any CPU.Build.0 = Release|Any CPU
	EndGlobalSection
	GlobalSection(SolutionProperties) = preSolution
		HideSolutionNode = FALSE
	EndGlobalSection
	GlobalSection(ExtensibilityGlobals) = postSolution
		SolutionGuid = {E33B3E18-C60A-453C-B4FB-0A4302D2C56B}
	EndGlobalSection
EndGlobal
